
Microsoft Visual Studio Solution File, Format Version 12.00
# Visual Studio 15
Project("{FAE04EC0-301F-11D3-BF4B-00C04F79EFBC}") = "Oculus.Interaction", "Oculus.Interaction.csproj", "{DE13EEDB-F7A5-5F14-2D95-AF6351091A9D}"
EndProject
Project("{FAE04EC0-301F-11D3-BF4B-00C04F79EFBC}") = "Oculus.VR", "Oculus.VR.csproj", "{60917F5F-8769-26D7-2681-17595FDF31BC}"
EndProject
Project("{FAE04EC0-301F-11D3-BF4B-00C04F79EFBC}") = "Oculus.Spatializer", "Oculus.Spatializer.csproj", "{69FB5DFC-1EE1-DAAD-6FE9-69376C1A774A}"
EndProject
Project("{FAE04EC0-301F-11D3-BF4B-00C04F79EFBC}") = "Facebook.WitAI", "Facebook.WitAI.csproj", "{488F1F75-ED6E-1F6C-9E49-C70233A39DDC}"
EndProject
Project("{FAE04EC0-301F-11D3-BF4B-00C04F79EFBC}") = "Assembly-CSharp", "Assembly-CSharp.csproj", "{0843CDD2-119B-3A3B-C92D-30D97BC241CA}"
EndProject
Project("{FAE04EC0-301F-11D3-BF4B-00C04F79EFBC}") = "Facebook.Wit.TTS", "Facebook.Wit.TTS.csproj", "{4C68A974-663A-E1C3-AEA8-E1F1F2B6F977}"
EndProject
Project("{FAE04EC0-301F-11D3-BF4B-00C04F79EFBC}") = "AssistantCoreSDKRuntime", "AssistantCoreSDKRuntime.csproj", "{67D86638-2005-D3DB-3287-1321B3CCB7C6}"
EndProject
Project("{FAE04EC0-301F-11D3-BF4B-00C04F79EFBC}") = "Oculus.Platform", "Oculus.Platform.csproj", "{5C856B4F-BD67-FD5A-7D2B-11D14D1DF7B6}"
EndProject
Project("{FAE04EC0-301F-11D3-BF4B-00C04F79EFBC}") = "VoiceSDK.Runtime", "VoiceSDK.Runtime.csproj", "{5FB3E82D-2396-6372-7E83-F2A086D296BE}"
EndProject
Project("{FAE04EC0-301F-11D3-BF4B-00C04F79EFBC}") = "Oculus.Interaction.Samples", "Oculus.Interaction.Samples.csproj", "{5D8F1FAF-83F9-56AF-8C84-E267CCB6B64C}"
EndProject
Project("{FAE04EC0-301F-11D3-BF4B-00C04F79EFBC}") = "Oculus.LipSync", "Oculus.LipSync.csproj", "{35C8A4A8-809B-F376-7B0D-5B293304CC51}"
EndProject
Project("{FAE04EC0-301F-11D3-BF4B-00C04F79EFBC}") = "Oculus.AudioManager", "Oculus.AudioManager.csproj", "{64867587-09C2-EB53-111D-4A325A666C1D}"
EndProject
Project("{FAE04EC0-301F-11D3-BF4B-00C04F79EFBC}") = "Oculus.Voice.Demo", "Oculus.Voice.Demo.csproj", "{8614D6CA-CBFB-2A8F-BE44-E6C679A4717C}"
EndProject
Project("{FAE04EC0-301F-11D3-BF4B-00C04F79EFBC}") = "Facebook.Wit.TTS.Samples", "Facebook.Wit.TTS.Samples.csproj", "{62B44751-8DC6-AB5A-2048-7029E0251957}"
EndProject
Project("{FAE04EC0-301F-11D3-BF4B-00C04F79EFBC}") = "VoiceSDK.Editor", "VoiceSDK.Editor.csproj", "{15906B0E-4907-CC9A-D951-B744956588A0}"
EndProject
Project("{FAE04EC0-301F-11D3-BF4B-00C04F79EFBC}") = "Oculus.AudioManager.Audio.Editor", "Oculus.AudioManager.Audio.Editor.csproj", "{F64E0B10-07D4-5F8A-3DAD-EF4C040FB196}"
EndProject
Project("{FAE04EC0-301F-11D3-BF4B-00C04F79EFBC}") = "Oculus.Interaction.Editor", "Oculus.Interaction.Editor.csproj", "{766DCF2E-E4D2-BF91-95CC-1D8B3F09203A}"
EndProject
Project("{FAE04EC0-301F-11D3-BF4B-00C04F79EFBC}") = "Oculus.VR.Scripts.Editor", "Oculus.VR.Scripts.Editor.csproj", "{6E98E3D0-D8CE-6E57-53EF-764D8DEE43F9}"
EndProject
Project("{FAE04EC0-301F-11D3-BF4B-00C04F79EFBC}") = "Oculus.VR.Editor", "Oculus.VR.Editor.csproj", "{90CB8713-68F5-4106-49AB-C06FB4760897}"
EndProject
Project("{FAE04EC0-301F-11D3-BF4B-00C04F79EFBC}") = "AssistantCoreSDKEditor", "AssistantCoreSDKEditor.csproj", "{79BDEF7D-6BC0-6815-19CD-C9CD12C295DE}"
EndProject
Project("{FAE04EC0-301F-11D3-BF4B-00C04F79EFBC}") = "Facebook.Wit.Editor", "Facebook.Wit.Editor.csproj", "{9FC29857-F0B1-B0C9-5C2C-2A96447ADF94}"
EndProject
Project("{FAE04EC0-301F-11D3-BF4B-00C04F79EFBC}") = "Facebook.Wit.TTS.Editor", "Facebook.Wit.TTS.Editor.csproj", "{D0616554-C3DD-1EB0-B710-9548E4970798}"
EndProject
Project("{FAE04EC0-301F-11D3-BF4B-00C04F79EFBC}") = "Oculus.Spatializer.Editor", "Oculus.Spatializer.Editor.csproj", "{34E1B9E6-9CF6-6266-08AF-A29E7B20D8CB}"
EndProject
Project("{FAE04EC0-301F-11D3-BF4B-00C04F79EFBC}") = "Oculus.Platform.Editor", "Oculus.Platform.Editor.csproj", "{56065C47-E456-E429-DFE8-0B1B24356FA0}"
EndProject
Project("{FAE04EC0-301F-11D3-BF4B-00C04F79EFBC}") = "Oculus.LipSync.Editor", "Oculus.LipSync.Editor.csproj", "{4F94A193-57D9-D740-4A4F-6DDCDFA0F64D}"
EndProject
Project("{FAE04EC0-301F-11D3-BF4B-00C04F79EFBC}") = "Oculus.Interaction.Samples.Editor", "Oculus.Interaction.Samples.Editor.csproj", "{36C2C094-0683-9A79-6E45-D12A52642195}"
EndProject
Project("{FAE04EC0-301F-11D3-BF4B-00C04F79EFBC}") = "Oculus.Interaction.InterfaceSupport", "Oculus.Interaction.InterfaceSupport.csproj", "{4418D261-B3AF-837D-01F9-877AFA3CC777}"
EndProject
Project("{FAE04EC0-301F-11D3-BF4B-00C04F79EFBC}") = "Oculus.AudioManager.Utils.Editor", "Oculus.AudioManager.Utils.Editor.csproj", "{C19D2964-D981-7836-A311-F4CE6EF205D3}"
EndProject
Project("{FAE04EC0-301F-11D3-BF4B-00C04F79EFBC}") = "Assembly-CSharp-Editor", "Assembly-CSharp-Editor.csproj", "{39B4B2E8-4EC8-CFAF-3E3F-656496696379}"
EndProject
Global
	GlobalSection(SolutionConfigurationPlatforms) = preSolution
		Debug|Any CPU = Debug|Any CPU
		Release|Any CPU = Release|Any CPU
	EndGlobalSection
	GlobalSection(ProjectConfigurationPlatforms) = postSolution
		{DE13EEDB-F7A5-5F14-2D95-AF6351091A9D}.Debug|Any CPU.ActiveCfg = Debug|Any CPU
		{DE13EEDB-F7A5-5F14-2D95-AF6351091A9D}.Debug|Any CPU.Build.0 = Debug|Any CPU
		{DE13EEDB-F7A5-5F14-2D95-AF6351091A9D}.Release|Any CPU.ActiveCfg = Release|Any CPU
		{DE13EEDB-F7A5-5F14-2D95-AF6351091A9D}.Release|Any CPU.Build.0 = Release|Any CPU
		{60917F5F-8769-26D7-2681-17595FDF31BC}.Debug|Any CPU.ActiveCfg = Debug|Any CPU
		{60917F5F-8769-26D7-2681-17595FDF31BC}.Debug|Any CPU.Build.0 = Debug|Any CPU
		{60917F5F-8769-26D7-2681-17595FDF31BC}.Release|Any CPU.ActiveCfg = Release|Any CPU
		{60917F5F-8769-26D7-2681-17595FDF31BC}.Release|Any CPU.Build.0 = Release|Any CPU
		{69FB5DFC-1EE1-DAAD-6FE9-69376C1A774A}.Debug|Any CPU.ActiveCfg = Debug|Any CPU
		{69FB5DFC-1EE1-DAAD-6FE9-69376C1A774A}.Debug|Any CPU.Build.0 = Debug|Any CPU
		{69FB5DFC-1EE1-DAAD-6FE9-69376C1A774A}.Release|Any CPU.ActiveCfg = Release|Any CPU
		{69FB5DFC-1EE1-DAAD-6FE9-69376C1A774A}.Release|Any CPU.Build.0 = Release|Any CPU
		{488F1F75-ED6E-1F6C-9E49-C70233A39DDC}.Debug|Any CPU.ActiveCfg = Debug|Any CPU
		{488F1F75-ED6E-1F6C-9E49-C70233A39DDC}.Debug|Any CPU.Build.0 = Debug|Any CPU
		{488F1F75-ED6E-1F6C-9E49-C70233A39DDC}.Release|Any CPU.ActiveCfg = Release|Any CPU
		{488F1F75-ED6E-1F6C-9E49-C70233A39DDC}.Release|Any CPU.Build.0 = Release|Any CPU
		{0843CDD2-119B-3A3B-C92D-30D97BC241CA}.Debug|Any CPU.ActiveCfg = Debug|Any CPU
		{0843CDD2-119B-3A3B-C92D-30D97BC241CA}.Debug|Any CPU.Build.0 = Debug|Any CPU
		{0843CDD2-119B-3A3B-C92D-30D97BC241CA}.Release|Any CPU.ActiveCfg = Release|Any CPU
		{0843CDD2-119B-3A3B-C92D-30D97BC241CA}.Release|Any CPU.Build.0 = Release|Any CPU
		{4C68A974-663A-E1C3-AEA8-E1F1F2B6F977}.Debug|Any CPU.ActiveCfg = Debug|Any CPU
		{4C68A974-663A-E1C3-AEA8-E1F1F2B6F977}.Debug|Any CPU.Build.0 = Debug|Any CPU
		{4C68A974-663A-E1C3-AEA8-E1F1F2B6F977}.Release|Any CPU.ActiveCfg = Release|Any CPU
		{4C68A974-663A-E1C3-AEA8-E1F1F2B6F977}.Release|Any CPU.Build.0 = Release|Any CPU
		{67D86638-2005-D3DB-3287-1321B3CCB7C6}.Debug|Any CPU.ActiveCfg = Debug|Any CPU
		{67D86638-2005-D3DB-3287-1321B3CCB7C6}.Debug|Any CPU.Build.0 = Debug|Any CPU
		{67D86638-2005-D3DB-3287-1321B3CCB7C6}.Release|Any CPU.ActiveCfg = Release|Any CPU
		{67D86638-2005-D3DB-3287-1321B3CCB7C6}.Release|Any CPU.Build.0 = Release|Any CPU
		{5C856B4F-BD67-FD5A-7D2B-11D14D1DF7B6}.Debug|Any CPU.ActiveCfg = Debug|Any CPU
		{5C856B4F-BD67-FD5A-7D2B-11D14D1DF7B6}.Debug|Any CPU.Build.0 = Debug|Any CPU
		{5C856B4F-BD67-FD5A-7D2B-11D14D1DF7B6}.Release|Any CPU.ActiveCfg = Release|Any CPU
		{5C856B4F-BD67-FD5A-7D2B-11D14D1DF7B6}.Release|Any CPU.Build.0 = Release|Any CPU
		{5FB3E82D-2396-6372-7E83-F2A086D296BE}.Debug|Any CPU.ActiveCfg = Debug|Any CPU
		{5FB3E82D-2396-6372-7E83-F2A086D296BE}.Debug|Any CPU.Build.0 = Debug|Any CPU
		{5FB3E82D-2396-6372-7E83-F2A086D296BE}.Release|Any CPU.ActiveCfg = Release|Any CPU
		{5FB3E82D-2396-6372-7E83-F2A086D296BE}.Release|Any CPU.Build.0 = Release|Any CPU
		{5D8F1FAF-83F9-56AF-8C84-E267CCB6B64C}.Debug|Any CPU.ActiveCfg = Debug|Any CPU
		{5D8F1FAF-83F9-56AF-8C84-E267CCB6B64C}.Debug|Any CPU.Build.0 = Debug|Any CPU
		{5D8F1FAF-83F9-56AF-8C84-E267CCB6B64C}.Release|Any CPU.ActiveCfg = Release|Any CPU
		{5D8F1FAF-83F9-56AF-8C84-E267CCB6B64C}.Release|Any CPU.Build.0 = Release|Any CPU
		{35C8A4A8-809B-F376-7B0D-5B293304CC51}.Debug|Any CPU.ActiveCfg = Debug|Any CPU
		{35C8A4A8-809B-F376-7B0D-5B293304CC51}.Debug|Any CPU.Build.0 = Debug|Any CPU
		{35C8A4A8-809B-F376-7B0D-5B293304CC51}.Release|Any CPU.ActiveCfg = Release|Any CPU
		{35C8A4A8-809B-F376-7B0D-5B293304CC51}.Release|Any CPU.Build.0 = Release|Any CPU
		{64867587-09C2-EB53-111D-4A325A666C1D}.Debug|Any CPU.ActiveCfg = Debug|Any CPU
		{64867587-09C2-EB53-111D-4A325A666C1D}.Debug|Any CPU.Build.0 = Debug|Any CPU
		{64867587-09C2-EB53-111D-4A325A666C1D}.Release|Any CPU.ActiveCfg = Release|Any CPU
		{64867587-09C2-EB53-111D-4A325A666C1D}.Release|Any CPU.Build.0 = Release|Any CPU
		{8614D6CA-CBFB-2A8F-BE44-E6C679A4717C}.Debug|Any CPU.ActiveCfg = Debug|Any CPU
		{8614D6CA-CBFB-2A8F-BE44-E6C679A4717C}.Debug|Any CPU.Build.0 = Debug|Any CPU
		{8614D6CA-CBFB-2A8F-BE44-E6C679A4717C}.Release|Any CPU.ActiveCfg = Release|Any CPU
		{8614D6CA-CBFB-2A8F-BE44-E6C679A4717C}.Release|Any CPU.Build.0 = Release|Any CPU
		{62B44751-8DC6-AB5A-2048-7029E0251957}.Debug|Any CPU.ActiveCfg = Debug|Any CPU
		{62B44751-8DC6-AB5A-2048-7029E0251957}.Debug|Any CPU.Build.0 = Debug|Any CPU
		{62B44751-8DC6-AB5A-2048-7029E0251957}.Release|Any CPU.ActiveCfg = Release|Any CPU
		{62B44751-8DC6-AB5A-2048-7029E0251957}.Release|Any CPU.Build.0 = Release|Any CPU
		{15906B0E-4907-CC9A-D951-B744956588A0}.Debug|Any CPU.ActiveCfg = Debug|Any CPU
		{15906B0E-4907-CC9A-D951-B744956588A0}.Debug|Any CPU.Build.0 = Debug|Any CPU
		{15906B0E-4907-CC9A-D951-B744956588A0}.Release|Any CPU.ActiveCfg = Release|Any CPU
		{15906B0E-4907-CC9A-D951-B744956588A0}.Release|Any CPU.Build.0 = Release|Any CPU
		{F64E0B10-07D4-5F8A-3DAD-EF4C040FB196}.Debug|Any CPU.ActiveCfg = Debug|Any CPU
		{F64E0B10-07D4-5F8A-3DAD-EF4C040FB196}.Debug|Any CPU.Build.0 = Debug|Any CPU
		{F64E0B10-07D4-5F8A-3DAD-EF4C040FB196}.Release|Any CPU.ActiveCfg = Release|Any CPU
		{F64E0B10-07D4-5F8A-3DAD-EF4C040FB196}.Release|Any CPU.Build.0 = Release|Any CPU
		{766DCF2E-E4D2-BF91-95CC-1D8B3F09203A}.Debug|Any CPU.ActiveCfg = Debug|Any CPU
		{766DCF2E-E4D2-BF91-95CC-1D8B3F09203A}.Debug|Any CPU.Build.0 = Debug|Any CPU
		{766DCF2E-E4D2-BF91-95CC-1D8B3F09203A}.Release|Any CPU.ActiveCfg = Release|Any CPU
		{766DCF2E-E4D2-BF91-95CC-1D8B3F09203A}.Release|Any CPU.Build.0 = Release|Any CPU
		{6E98E3D0-D8CE-6E57-53EF-764D8DEE43F9}.Debug|Any CPU.ActiveCfg = Debug|Any CPU
		{6E98E3D0-D8CE-6E57-53EF-764D8DEE43F9}.Debug|Any CPU.Build.0 = Debug|Any CPU
		{6E98E3D0-D8CE-6E57-53EF-764D8DEE43F9}.Release|Any CPU.ActiveCfg = Release|Any CPU
		{6E98E3D0-D8CE-6E57-53EF-764D8DEE43F9}.Release|Any CPU.Build.0 = Release|Any CPU
		{90CB8713-68F5-4106-49AB-C06FB4760897}.Debug|Any CPU.ActiveCfg = Debug|Any CPU
		{90CB8713-68F5-4106-49AB-C06FB4760897}.Debug|Any CPU.Build.0 = Debug|Any CPU
		{90CB8713-68F5-4106-49AB-C06FB4760897}.Release|Any CPU.ActiveCfg = Release|Any CPU
		{90CB8713-68F5-4106-49AB-C06FB4760897}.Release|Any CPU.Build.0 = Release|Any CPU
		{79BDEF7D-6BC0-6815-19CD-C9CD12C295DE}.Debug|Any CPU.ActiveCfg = Debug|Any CPU
		{79BDEF7D-6BC0-6815-19CD-C9CD12C295DE}.Debug|Any CPU.Build.0 = Debug|Any CPU
		{79BDEF7D-6BC0-6815-19CD-C9CD12C295DE}.Release|Any CPU.ActiveCfg = Release|Any CPU
		{79BDEF7D-6BC0-6815-19CD-C9CD12C295DE}.Release|Any CPU.Build.0 = Release|Any CPU
		{9FC29857-F0B1-B0C9-5C2C-2A96447ADF94}.Debug|Any CPU.ActiveCfg = Debug|Any CPU
		{9FC29857-F0B1-B0C9-5C2C-2A96447ADF94}.Debug|Any CPU.Build.0 = Debug|Any CPU
		{9FC29857-F0B1-B0C9-5C2C-2A96447ADF94}.Release|Any CPU.ActiveCfg = Release|Any CPU
		{9FC29857-F0B1-B0C9-5C2C-2A96447ADF94}.Release|Any CPU.Build.0 = Release|Any CPU
		{D0616554-C3DD-1EB0-B710-9548E4970798}.Debug|Any CPU.ActiveCfg = Debug|Any CPU
		{D0616554-C3DD-1EB0-B710-9548E4970798}.Debug|Any CPU.Build.0 = Debug|Any CPU
		{D0616554-C3DD-1EB0-B710-9548E4970798}.Release|Any CPU.ActiveCfg = Release|Any CPU
		{D0616554-C3DD-1EB0-B710-9548E4970798}.Release|Any CPU.Build.0 = Release|Any CPU
		{34E1B9E6-9CF6-6266-08AF-A29E7B20D8CB}.Debug|Any CPU.ActiveCfg = Debug|Any CPU
		{34E1B9E6-9CF6-6266-08AF-A29E7B20D8CB}.Debug|Any CPU.Build.0 = Debug|Any CPU
		{34E1B9E6-9CF6-6266-08AF-A29E7B20D8CB}.Release|Any CPU.ActiveCfg = Release|Any CPU
		{34E1B9E6-9CF6-6266-08AF-A29E7B20D8CB}.Release|Any CPU.Build.0 = Release|Any CPU
		{56065C47-E456-E429-DFE8-0B1B24356FA0}.Debug|Any CPU.ActiveCfg = Debug|Any CPU
		{56065C47-E456-E429-DFE8-0B1B24356FA0}.Debug|Any CPU.Build.0 = Debug|Any CPU
		{56065C47-E456-E429-DFE8-0B1B24356FA0}.Release|Any CPU.ActiveCfg = Release|Any CPU
		{56065C47-E456-E429-DFE8-0B1B24356FA0}.Release|Any CPU.Build.0 = Release|Any CPU
		{4F94A193-57D9-D740-4A4F-6DDCDFA0F64D}.Debug|Any CPU.ActiveCfg = Debug|Any CPU
		{4F94A193-57D9-D740-4A4F-6DDCDFA0F64D}.Debug|Any CPU.Build.0 = Debug|Any CPU
		{4F94A193-57D9-D740-4A4F-6DDCDFA0F64D}.Release|Any CPU.ActiveCfg = Release|Any CPU
		{4F94A193-57D9-D740-4A4F-6DDCDFA0F64D}.Release|Any CPU.Build.0 = Release|Any CPU
		{36C2C094-0683-9A79-6E45-D12A52642195}.Debug|Any CPU.ActiveCfg = Debug|Any CPU
		{36C2C094-0683-9A79-6E45-D12A52642195}.Debug|Any CPU.Build.0 = Debug|Any CPU
		{36C2C094-0683-9A79-6E45-D12A52642195}.Release|Any CPU.ActiveCfg = Release|Any CPU
		{36C2C094-0683-9A79-6E45-D12A52642195}.Release|Any CPU.Build.0 = Release|Any CPU
		{4418D261-B3AF-837D-01F9-877AFA3CC777}.Debug|Any CPU.ActiveCfg = Debug|Any CPU
		{4418D261-B3AF-837D-01F9-877AFA3CC777}.Debug|Any CPU.Build.0 = Debug|Any CPU
		{4418D261-B3AF-837D-01F9-877AFA3CC777}.Release|Any CPU.ActiveCfg = Release|Any CPU
		{4418D261-B3AF-837D-01F9-877AFA3CC777}.Release|Any CPU.Build.0 = Release|Any CPU
		{C19D2964-D981-7836-A311-F4CE6EF205D3}.Debug|Any CPU.ActiveCfg = Debug|Any CPU
		{C19D2964-D981-7836-A311-F4CE6EF205D3}.Debug|Any CPU.Build.0 = Debug|Any CPU
		{C19D2964-D981-7836-A311-F4CE6EF205D3}.Release|Any CPU.ActiveCfg = Release|Any CPU
		{C19D2964-D981-7836-A311-F4CE6EF205D3}.Release|Any CPU.Build.0 = Release|Any CPU
		{39B4B2E8-4EC8-CFAF-3E3F-656496696379}.Debug|Any CPU.ActiveCfg = Debug|Any CPU
		{39B4B2E8-4EC8-CFAF-3E3F-656496696379}.Debug|Any CPU.Build.0 = Debug|Any CPU
		{39B4B2E8-4EC8-CFAF-3E3F-656496696379}.Release|Any CPU.ActiveCfg = Release|Any CPU
		{39B4B2E8-4EC8-CFAF-3E3F-656496696379}.Release|Any CPU.Build.0 = Release|Any CPU
	EndGlobalSection
	GlobalSection(SolutionProperties) = preSolution
		HideSolutionNode = FALSE
	EndGlobalSection
EndGlobal
